// !$*UTF8*$!
{
	archiveVersion = 1;
	classes = {
	};
	objectVersion = 46;
	objects = {

/* Begin PBXBuildFile section */
		741E0A931774234B008AE67B /* UIKit.framework in Frameworks */ = {isa = PBXBuildFile; fileRef = 741E0A921774234B008AE67B /* UIKit.framework */; };
		741E0A951774234B008AE67B /* Foundation.framework in Frameworks */ = {isa = PBXBuildFile; fileRef = 741E0A941774234B008AE67B /* Foundation.framework */; };
		741E0A971774234B008AE67B /* CoreGraphics.framework in Frameworks */ = {isa = PBXBuildFile; fileRef = 741E0A961774234B008AE67B /* CoreGraphics.framework */; };
		741E0A9D1774234B008AE67B /* InfoPlist.strings in Resources */ = {isa = PBXBuildFile; fileRef = 741E0A9B1774234B008AE67B /* InfoPlist.strings */; };
		741E0A9F1774234B008AE67B /* main.m in Sources */ = {isa = PBXBuildFile; fileRef = 741E0A9E1774234B008AE67B /* main.m */; };
		741E0AA31774234B008AE67B /* CBAppDelegate.m in Sources */ = {isa = PBXBuildFile; fileRef = 741E0AA21774234B008AE67B /* CBAppDelegate.m */; };
		741E0AA51774234B008AE67B /* Default.png in Resources */ = {isa = PBXBuildFile; fileRef = 741E0AA41774234B008AE67B /* Default.png */; };
		741E0AA71774234B008AE67B /* Default@2x.png in Resources */ = {isa = PBXBuildFile; fileRef = 741E0AA61774234B008AE67B /* Default@2x.png */; };
		741E0AA91774234B008AE67B /* Default-568h@2x.png in Resources */ = {isa = PBXBuildFile; fileRef = 741E0AA81774234B008AE67B /* Default-568h@2x.png */; };
		741E0AAC1774234B008AE67B /* CBViewController.m in Sources */ = {isa = PBXBuildFile; fileRef = 741E0AAB1774234B008AE67B /* CBViewController.m */; };
		741E0AAF1774234B008AE67B /* CBViewController.xib in Resources */ = {isa = PBXBuildFile; fileRef = 741E0AAD1774234B008AE67B /* CBViewController.xib */; };
		741E0AD1177435C2008AE67B /* OpenAL.framework in Frameworks */ = {isa = PBXBuildFile; fileRef = 741E0AD0177435C2008AE67B /* OpenAL.framework */; };
		741E0AD3177435CD008AE67B /* OpenGLES.framework in Frameworks */ = {isa = PBXBuildFile; fileRef = 741E0AD2177435CD008AE67B /* OpenGLES.framework */; };
		741E0AE517743615008AE67B /* AudioToolbox.framework in Frameworks */ = {isa = PBXBuildFile; fileRef = 741E0AE417743615008AE67B /* AudioToolbox.framework */; };
		74526C14178134BF0054734E /* libCyberPlayerUtils.a in Frameworks */ = {isa = PBXBuildFile; fileRef = 74526C13178134BF0054734E /* libCyberPlayerUtils.a */; };
		74526C161781351C0054734E /* libASIHTTP.a in Frameworks */ = {isa = PBXBuildFile; fileRef = 741E0AB9177433F2008AE67B /* libASIHTTP.a */; };
		74526C171781351C0054734E /* libBase64.a in Frameworks */ = {isa = PBXBuildFile; fileRef = 741E0ABA177433F2008AE67B /* libBase64.a */; };
		74526C181781351C0054734E /* libCyberPlayerController.a in Frameworks */ = {isa = PBXBuildFile; fileRef = 741E0ABB177433F2008AE67B /* libCyberPlayerController.a */; };
		74526C191781351C0054734E /* libGzipCompressor.a in Frameworks */ = {isa = PBXBuildFile; fileRef = 741E0ABC177433F2008AE67B /* libGzipCompressor.a */; };
		74526C1A1781351C0054734E /* libReachability.a in Frameworks */ = {isa = PBXBuildFile; fileRef = 741E0ABD177433F2008AE67B /* libReachability.a */; };
		74526C1B1781351C0054734E /* libSBJSON.a in Frameworks */ = {isa = PBXBuildFile; fileRef = 741E0ABE177433F2008AE67B /* libSBJSON.a */; };
		74853E6417841B1200E7DBCE /* SystemConfiguration.framework in Frameworks */ = {isa = PBXBuildFile; fileRef = 741E0ADA177435EF008AE67B /* SystemConfiguration.framework */; };
		74853E6517841B3A00E7DBCE /* CFNetwork.framework in Frameworks */ = {isa = PBXBuildFile; fileRef = 741E0AD6177435E1008AE67B /* CFNetwork.framework */; };
		74853E6617841BDF00E7DBCE /* QuartzCore.framework in Frameworks */ = {isa = PBXBuildFile; fileRef = 741E0AD4177435DB008AE67B /* QuartzCore.framework */; };
		74853E6B1784632D00E7DBCE /* libz.dylib in Frameworks */ = {isa = PBXBuildFile; fileRef = 741E0AE017743604008AE67B /* libz.dylib */; };
		74853E6C1784635900E7DBCE /* libbz2.1.0.dylib in Frameworks */ = {isa = PBXBuildFile; fileRef = 741E0ADE177435FE008AE67B /* libbz2.1.0.dylib */; };
		749445FA178557AD009FA2E7 /* MediaPlayer.framework in Frameworks */ = {isa = PBXBuildFile; fileRef = 741E0AB517742DE2008AE67B /* MediaPlayer.framework */; };
		749ECC4617A7B469002E3DC8 /* MobileCoreServices.framework in Frameworks */ = {isa = PBXBuildFile; fileRef = 749ECC4517A7B469002E3DC8 /* MobileCoreServices.framework */; };
/* End PBXBuildFile section */

/* Begin PBXFileReference section */
		741E0A8F1774234B008AE67B /* SampleOne.app */ = {isa = PBXFileReference; explicitFileType = wrapper.application; includeInIndex = 0; path = SampleOne.app; sourceTree = BUILT_PRODUCTS_DIR; };
		741E0A921774234B008AE67B /* UIKit.framework */ = {isa = PBXFileReference; lastKnownFileType = wrapper.framework; name = UIKit.framework; path = System/Library/Frameworks/UIKit.framework; sourceTree = SDKROOT; };
		741E0A941774234B008AE67B /* Foundation.framework */ = {isa = PBXFileReference; lastKnownFileType = wrapper.framework; name = Foundation.framework; path = System/Library/Frameworks/Foundation.framework; sourceTree = SDKROOT; };
		741E0A961774234B008AE67B /* CoreGraphics.framework */ = {isa = PBXFileReference; lastKnownFileType = wrapper.framework; name = CoreGraphics.framework; path = System/Library/Frameworks/CoreGraphics.framework; sourceTree = SDKROOT; };
		741E0A9A1774234B008AE67B /* SampleOne-Info.plist */ = {isa = PBXFileReference; lastKnownFileType = text.plist.xml; path = "SampleOne-Info.plist"; sourceTree = "<group>"; };
		741E0A9C1774234B008AE67B /* en */ = {isa = PBXFileReference; lastKnownFileType = text.plist.strings; name = en; path = en.lproj/InfoPlist.strings; sourceTree = "<group>"; };
		741E0A9E1774234B008AE67B /* main.m */ = {isa = PBXFileReference; lastKnownFileType = sourcecode.c.objc; path = main.m; sourceTree = "<group>"; };
		741E0AA01774234B008AE67B /* SampleOne-Prefix.pch */ = {isa = PBXFileReference; lastKnownFileType = sourcecode.c.h; path = "SampleOne-Prefix.pch"; sourceTree = "<group>"; };
		741E0AA11774234B008AE67B /* CBAppDelegate.h */ = {isa = PBXFileReference; lastKnownFileType = sourcecode.c.h; path = CBAppDelegate.h; sourceTree = "<group>"; };
		741E0AA21774234B008AE67B /* CBAppDelegate.m */ = {isa = PBXFileReference; lastKnownFileType = sourcecode.c.objc; path = CBAppDelegate.m; sourceTree = "<group>"; };
		741E0AA41774234B008AE67B /* Default.png */ = {isa = PBXFileReference; lastKnownFileType = image.png; path = Default.png; sourceTree = "<group>"; };
		741E0AA61774234B008AE67B /* Default@2x.png */ = {isa = PBXFileReference; lastKnownFileType = image.png; path = "Default@2x.png"; sourceTree = "<group>"; };
		741E0AA81774234B008AE67B /* Default-568h@2x.png */ = {isa = PBXFileReference; lastKnownFileType = image.png; path = "Default-568h@2x.png"; sourceTree = "<group>"; };
		741E0AAA1774234B008AE67B /* CBViewController.h */ = {isa = PBXFileReference; lastKnownFileType = sourcecode.c.h; path = CBViewController.h; sourceTree = "<group>"; };
		741E0AAB1774234B008AE67B /* CBViewController.m */ = {isa = PBXFileReference; lastKnownFileType = sourcecode.c.objc; path = CBViewController.m; sourceTree = "<group>"; };
		741E0AAE1774234B008AE67B /* en */ = {isa = PBXFileReference; lastKnownFileType = file.xib; name = en; path = en.lproj/CBViewController.xib; sourceTree = "<group>"; };
		741E0AB517742DE2008AE67B /* MediaPlayer.framework */ = {isa = PBXFileReference; lastKnownFileType = wrapper.framework; name = MediaPlayer.framework; path = System/Library/Frameworks/MediaPlayer.framework; sourceTree = SDKROOT; };
		741E0AB7177433E0008AE67B /* CyberPlayerController.h */ = {isa = PBXFileReference; fileEncoding = 4; lastKnownFileType = sourcecode.c.h; name = CyberPlayerController.h; path = resource/CyberPlayerController.h; sourceTree = "<group>"; };
		741E0AB9177433F2008AE67B /* libASIHTTP.a */ = {isa = PBXFileReference; lastKnownFileType = archive.ar; name = libASIHTTP.a; path = SampleOne/resource/libASIHTTP.a; sourceTree = "<group>"; };
		741E0ABA177433F2008AE67B /* libBase64.a */ = {isa = PBXFileReference; lastKnownFileType = archive.ar; name = libBase64.a; path = SampleOne/resource/libBase64.a; sourceTree = "<group>"; };
		741E0ABB177433F2008AE67B /* libCyberPlayerController.a */ = {isa = PBXFileReference; lastKnownFileType = archive.ar; name = libCyberPlayerController.a; path = SampleOne/resource/libCyberPlayerController.a; sourceTree = "<group>"; };
		741E0ABC177433F2008AE67B /* libGzipCompressor.a */ = {isa = PBXFileReference; lastKnownFileType = archive.ar; name = libGzipCompressor.a; path = SampleOne/resource/libGzipCompressor.a; sourceTree = "<group>"; };
		741E0ABD177433F2008AE67B /* libReachability.a */ = {isa = PBXFileReference; lastKnownFileType = archive.ar; name = libReachability.a; path = SampleOne/resource/libReachability.a; sourceTree = "<group>"; };
		741E0ABE177433F2008AE67B /* libSBJSON.a */ = {isa = PBXFileReference; lastKnownFileType = archive.ar; name = libSBJSON.a; path = SampleOne/resource/libSBJSON.a; sourceTree = "<group>"; };
		741E0AD0177435C2008AE67B /* OpenAL.framework */ = {isa = PBXFileReference; lastKnownFileType = wrapper.framework; name = OpenAL.framework; path = System/Library/Frameworks/OpenAL.framework; sourceTree = SDKROOT; };
		741E0AD2177435CD008AE67B /* OpenGLES.framework */ = {isa = PBXFileReference; lastKnownFileType = wrapper.framework; name = OpenGLES.framework; path = System/Library/Frameworks/OpenGLES.framework; sourceTree = SDKROOT; };
		741E0AD4177435DB008AE67B /* QuartzCore.framework */ = {isa = PBXFileReference; lastKnownFileType = wrapper.framework; name = QuartzCore.framework; path = System/Library/Frameworks/QuartzCore.framework; sourceTree = SDKROOT; };
		741E0AD6177435E1008AE67B /* CFNetwork.framework */ = {isa = PBXFileReference; lastKnownFileType = wrapper.framework; name = CFNetwork.framework; path = System/Library/Frameworks/CFNetwork.framework; sourceTree = SDKROOT; };
		741E0ADA177435EF008AE67B /* SystemConfiguration.framework */ = {isa = PBXFileReference; lastKnownFileType = wrapper.framework; name = SystemConfiguration.framework; path = System/Library/Frameworks/SystemConfiguration.framework; sourceTree = SDKROOT; };
		741E0ADE177435FE008AE67B /* libbz2.1.0.dylib */ = {isa = PBXFileReference; lastKnownFileType = "compiled.mach-o.dylib"; name = libbz2.1.0.dylib; path = usr/lib/libbz2.1.0.dylib; sourceTree = SDKROOT; };
		741E0AE017743604008AE67B /* libz.dylib */ = {isa = PBXFileReference; lastKnownFileType = "compiled.mach-o.dylib"; name = libz.dylib; path = usr/lib/libz.dylib; sourceTree = SDKROOT; };
		741E0AE417743615008AE67B /* AudioToolbox.framework */ = {isa = PBXFileReference; lastKnownFileType = wrapper.framework; name = AudioToolbox.framework; path = System/Library/Frameworks/AudioToolbox.framework; sourceTree = SDKROOT; };
		74526C13178134BF0054734E /* libCyberPlayerUtils.a */ = {isa = PBXFileReference; lastKnownFileType = archive.ar; name = libCyberPlayerUtils.a; path = SampleOne/resource/libCyberPlayerUtils.a; sourceTree = "<group>"; };
		749ECC4517A7B469002E3DC8 /* MobileCoreServices.framework */ = {isa = PBXFileReference; lastKnownFileType = wrapper.framework; name = MobileCoreServices.framework; path = System/Library/Frameworks/MobileCoreServices.framework; sourceTree = SDKROOT; };
/* End PBXFileReference section */

/* Begin PBXFrameworksBuildPhase section */
		741E0A8C1774234B008AE67B /* Frameworks */ = {
			isa = PBXFrameworksBuildPhase;
			buildActionMask = 2147483647;
			files = (
				749ECC4617A7B469002E3DC8 /* MobileCoreServices.framework in Frameworks */,
				749445FA178557AD009FA2E7 /* MediaPlayer.framework in Frameworks */,
				74853E6C1784635900E7DBCE /* libbz2.1.0.dylib in Frameworks */,
				74853E6B1784632D00E7DBCE /* libz.dylib in Frameworks */,
				74853E6617841BDF00E7DBCE /* QuartzCore.framework in Frameworks */,
				74853E6517841B3A00E7DBCE /* CFNetwork.framework in Frameworks */,
				74853E6417841B1200E7DBCE /* SystemConfiguration.framework in Frameworks */,
				74526C161781351C0054734E /* libASIHTTP.a in Frameworks */,
				74526C171781351C0054734E /* libBase64.a in Frameworks */,
				74526C181781351C0054734E /* libCyberPlayerController.a in Frameworks */,
				74526C14178134BF0054734E /* libCyberPlayerUtils.a in Frameworks */,
				74526C191781351C0054734E /* libGzipCompressor.a in Frameworks */,
				74526C1A1781351C0054734E /* libReachability.a in Frameworks */,
				74526C1B1781351C0054734E /* libSBJSON.a in Frameworks */,
				741E0A951774234B008AE67B /* Foundation.framework in Frameworks */,
				741E0AE517743615008AE67B /* AudioToolbox.framework in Frameworks */,
				741E0A931774234B008AE67B /* UIKit.framework in Frameworks */,
				741E0AD3177435CD008AE67B /* OpenGLES.framework in Frameworks */,
				741E0A971774234B008AE67B /* CoreGraphics.framework in Frameworks */,
				741E0AD1177435C2008AE67B /* OpenAL.framework in Frameworks */,
			);
			runOnlyForDeploymentPostprocessing = 0;
		};
/* End PBXFrameworksBuildPhase section */

/* Begin PBXGroup section */
		741E0A861774234B008AE67B = {
			isa = PBXGroup;
			children = (
				741E0A981774234B008AE67B /* SampleOne */,
				741E0A911774234B008AE67B /* Frameworks */,
				74526C12178134250054734E /* Resource */,
				741E0A901774234B008AE67B /* Products */,
			);
			sourceTree = "<group>";
		};
		741E0A901774234B008AE67B /* Products */ = {
			isa = PBXGroup;
			children = (
				741E0A8F1774234B008AE67B /* SampleOne.app */,
			);
			name = Products;
			sourceTree = "<group>";
		};
		741E0A911774234B008AE67B /* Frameworks */ = {
			isa = PBXGroup;
			children = (
				749ECC4517A7B469002E3DC8 /* MobileCoreServices.framework */,
				741E0AE417743615008AE67B /* AudioToolbox.framework */,
				741E0AE017743604008AE67B /* libz.dylib */,
				741E0ADE177435FE008AE67B /* libbz2.1.0.dylib */,
				741E0ADA177435EF008AE67B /* SystemConfiguration.framework */,
				741E0AD6177435E1008AE67B /* CFNetwork.framework */,
				741E0AD4177435DB008AE67B /* QuartzCore.framework */,
				741E0AD2177435CD008AE67B /* OpenGLES.framework */,
				741E0AD0177435C2008AE67B /* OpenAL.framework */,
				741E0AB517742DE2008AE67B /* MediaPlayer.framework */,
				741E0A921774234B008AE67B /* UIKit.framework */,
				741E0A941774234B008AE67B /* Foundation.framework */,
				741E0A961774234B008AE67B /* CoreGraphics.framework */,
			);
			name = Frameworks;
			sourceTree = "<group>";
		};
		741E0A981774234B008AE67B /* SampleOne */ = {
			isa = PBXGroup;
			children = (
				741E0AA11774234B008AE67B /* CBAppDelegate.h */,
				741E0AB7177433E0008AE67B /* CyberPlayerController.h */,
				741E0AA21774234B008AE67B /* CBAppDelegate.m */,
				741E0AAA1774234B008AE67B /* CBViewController.h */,
				741E0AAB1774234B008AE67B /* CBViewController.m */,
				741E0AAD1774234B008AE67B /* CBViewController.xib */,
				741E0A991774234B008AE67B /* Supporting Files */,
			);
			path = SampleOne;
			sourceTree = "<group>";
		};
		741E0A991774234B008AE67B /* Supporting Files */ = {
			isa = PBXGroup;
			children = (
				741E0A9A1774234B008AE67B /* SampleOne-Info.plist */,
				741E0A9B1774234B008AE67B /* InfoPlist.strings */,
				741E0A9E1774234B008AE67B /* main.m */,
				741E0AA01774234B008AE67B /* SampleOne-Prefix.pch */,
				741E0AA41774234B008AE67B /* Default.png */,
				741E0AA61774234B008AE67B /* Default@2x.png */,
				741E0AA81774234B008AE67B /* Default-568h@2x.png */,
			);
			name = "Supporting Files";
			sourceTree = "<group>";
		};
		74526C12178134250054734E /* Resource */ = {
			isa = PBXGroup;
			children = (
				741E0AB9177433F2008AE67B /* libASIHTTP.a */,
				741E0ABA177433F2008AE67B /* libBase64.a */,
				741E0ABB177433F2008AE67B /* libCyberPlayerController.a */,
				741E0ABC177433F2008AE67B /* libGzipCompressor.a */,
				741E0ABD177433F2008AE67B /* libReachability.a */,
				741E0ABE177433F2008AE67B /* libSBJSON.a */,
				74526C13178134BF0054734E /* libCyberPlayerUtils.a */,
			);
			name = Resource;
			sourceTree = "<group>";
		};
/* End PBXGroup section */

/* Begin PBXNativeTarget section */
		741E0A8E1774234B008AE67B /* SampleOne */ = {
			isa = PBXNativeTarget;
			buildConfigurationList = 741E0AB21774234B008AE67B /* Build configuration list for PBXNativeTarget "SampleOne" */;
			buildPhases = (
				741E0A8B1774234B008AE67B /* Sources */,
				741E0A8C1774234B008AE67B /* Frameworks */,
				741E0A8D1774234B008AE67B /* Resources */,
			);
			buildRules = (
			);
			dependencies = (
			);
			name = SampleOne;
			productName = SampleOne;
			productReference = 741E0A8F1774234B008AE67B /* SampleOne.app */;
			productType = "com.apple.product-type.application";
		};
/* End PBXNativeTarget section */

/* Begin PBXProject section */
		741E0A871774234B008AE67B /* Project object */ = {
			isa = PBXProject;
			attributes = {
				CLASSPREFIX = CB;
				LastUpgradeCheck = 0460;
				ORGANIZATIONNAME = zengfanping;
			};
			buildConfigurationList = 741E0A8A1774234B008AE67B /* Build configuration list for PBXProject "SampleOne" */;
			compatibilityVersion = "Xcode 3.2";
			developmentRegion = English;
			hasScannedForEncodings = 0;
			knownRegions = (
				en,
			);
			mainGroup = 741E0A861774234B008AE67B;
			productRefGroup = 741E0A901774234B008AE67B /* Products */;
			projectDirPath = "";
			projectRoot = "";
			targets = (
				741E0A8E1774234B008AE67B /* SampleOne */,
			);
		};
/* End PBXProject section */

/* Begin PBXResourcesBuildPhase section */
		741E0A8D1774234B008AE67B /* Resources */ = {
			isa = PBXResourcesBuildPhase;
			buildActionMask = 2147483647;
			files = (
				741E0A9D1774234B008AE67B /* InfoPlist.strings in Resources */,
				741E0AA51774234B008AE67B /* Default.png in Resources */,
				741E0AA71774234B008AE67B /* Default@2x.png in Resources */,
				741E0AA91774234B008AE67B /* Default-568h@2x.png in Resources */,
				741E0AAF1774234B008AE67B /* CBViewController.xib in Resources */,
			);
			runOnlyForDeploymentPostprocessing = 0;
		};
/* End PBXResourcesBuildPhase section */

/* Begin PBXSourcesBuildPhase section */
		741E0A8B1774234B008AE67B /* Sources */ = {
			isa = PBXSourcesBuildPhase;
			buildActionMask = 2147483647;
			files = (
				741E0A9F1774234B008AE67B /* main.m in Sources */,
				741E0AA31774234B008AE67B /* CBAppDelegate.m in Sources */,
				741E0AAC1774234B008AE67B /* CBViewController.m in Sources */,
			);
			runOnlyForDeploymentPostprocessing = 0;
		};
/* End PBXSourcesBuildPhase section */

/* Begin PBXVariantGroup section */
		741E0A9B1774234B008AE67B /* InfoPlist.strings */ = {
			isa = PBXVariantGroup;
			children = (
				741E0A9C1774234B008AE67B /* en */,
			);
			name = InfoPlist.strings;
			sourceTree = "<group>";
		};
		741E0AAD1774234B008AE67B /* CBViewController.xib */ = {
			isa = PBXVariantGroup;
			children = (
				741E0AAE1774234B008AE67B /* en */,
			);
			name = CBViewController.xib;
			sourceTree = "<group>";
		};
/* End PBXVariantGroup section */

/* Begin XCBuildConfiguration section */
		741E0AB01774234B008AE67B /* Debug */ = {
			isa = XCBuildConfiguration;
			buildSettings = {
				ALWAYS_SEARCH_USER_PATHS = NO;
				CLANG_CXX_LANGUAGE_STANDARD = "gnu++0x";
				CLANG_CXX_LIBRARY = "libc++";
				CLANG_WARN_CONSTANT_CONVERSION = YES;
				CLANG_WARN_EMPTY_BODY = YES;
				CLANG_WARN_ENUM_CONVERSION = YES;
				CLANG_WARN_INT_CONVERSION = YES;
				CLANG_WARN__DUPLICATE_METHOD_MATCH = YES;
				"CODE_SIGN_IDENTITY[sdk=iphoneos*]" = "iPhone Developer";
				COPY_PHASE_STRIP = NO;
				GCC_C_LANGUAGE_STANDARD = gnu99;
				GCC_DYNAMIC_NO_PIC = NO;
				GCC_OPTIMIZATION_LEVEL = 0;
				GCC_PREPROCESSOR_DEFINITIONS = (
					"DEBUG=1",
					"$(inherited)",
				);
				GCC_SYMBOLS_PRIVATE_EXTERN = NO;
				GCC_WARN_ABOUT_RETURN_TYPE = YES;
				GCC_WARN_UNINITIALIZED_AUTOS = YES;
				GCC_WARN_UNUSED_VARIABLE = YES;
				IPHONEOS_DEPLOYMENT_TARGET = 6.1;
				ONLY_ACTIVE_ARCH = YES;
				SDKROOT = iphoneos;
				TARGETED_DEVICE_FAMILY = 2;
			};
			name = Debug;
		};
		741E0AB11774234B008AE67B /* Release */ = {
			isa = XCBuildConfiguration;
			buildSettings = {
				ALWAYS_SEARCH_USER_PATHS = NO;
				CLANG_CXX_LANGUAGE_STANDARD = "gnu++0x";
				CLANG_CXX_LIBRARY = "libc++";
				CLANG_WARN_CONSTANT_CONVERSION = YES;
				CLANG_WARN_EMPTY_BODY = YES;
				CLANG_WARN_ENUM_CONVERSION = YES;
				CLANG_WARN_INT_CONVERSION = YES;
				CLANG_WARN__DUPLICATE_METHOD_MATCH = YES;
				"CODE_SIGN_IDENTITY[sdk=iphoneos*]" = "iPhone Developer";
				COPY_PHASE_STRIP = YES;
				GCC_C_LANGUAGE_STANDARD = gnu99;
				GCC_WARN_ABOUT_RETURN_TYPE = YES;
				GCC_WARN_UNINITIALIZED_AUTOS = YES;
				GCC_WARN_UNUSED_VARIABLE = YES;
				IPHONEOS_DEPLOYMENT_TARGET = 6.1;
				OTHER_CFLAGS = "-DNS_BLOCK_ASSERTIONS=1";
				SDKROOT = iphoneos;
				TARGETED_DEVICE_FAMILY = 2;
				VALIDATE_PRODUCT = YES;
			};
			name = Release;
		};
		741E0AB31774234B008AE67B /* Debug */ = {
			isa = XCBuildConfiguration;
			buildSettings = {
				GCC_PRECOMPILE_PREFIX_HEADER = YES;
				GCC_PREFIX_HEADER = "SampleOne/SampleOne-Prefix.pch";
				INFOPLIST_FILE = "SampleOne/SampleOne-Info.plist";
				IPHONEOS_DEPLOYMENT_TARGET = 4.3;
				LIBRARY_SEARCH_PATHS = (
					"$(inherited)",
					"\"$(SRCROOT)/SampleOne/resource\"",
					"\"$(SDKROOT)/usr/lib/system\"",
				);
				ONLY_ACTIVE_ARCH = NO;
				PRODUCT_NAME = "$(TARGET_NAME)";
				VALID_ARCHS = armv7;
				WRAPPER_EXTENSION = app;
			};
			name = Debug;
		};
		741E0AB41774234B008AE67B /* Release */ = {
			isa = XCBuildConfiguration;
			buildSettings = {
				COPY_PHASE_STRIP = NO;
				GCC_PRECOMPILE_PREFIX_HEADER = YES;
				GCC_PREFIX_HEADER = "SampleOne/SampleOne-Prefix.pch";
				INFOPLIST_FILE = "SampleOne/SampleOne-Info.plist";
				IPHONEOS_DEPLOYMENT_TARGET = 4.3;
				LIBRARY_SEARCH_PATHS = (
					"$(inherited)",
					"\"$(SRCROOT)/SampleOne/resource\"",
					"\"$(SDKROOT)/usr/lib/system\"",
				);
				PRODUCT_NAME = "$(TARGET_NAME)";
				VALID_ARCHS = armv7;
				WRAPPER_EXTENSION = app;
			};
			name = Release;
		};
/* End XCBuildConfiguration section */

/* Begin XCConfigurationList section */
		741E0A8A1774234B008AE67B /* Build configuration list for PBXProject "SampleOne" */ = {
			isa = XCConfigurationList;
			buildConfigurations = (
				741E0AB01774234B008AE67B /* Debug */,
				741E0AB11774234B008AE67B /* Release */,
			);
			defaultConfigurationIsVisible = 0;
			defaultConfigurationName = Release;
		};
		741E0AB21774234B008AE67B /* Build configuration list for PBXNativeTarget "SampleOne" */ = {
			isa = XCConfigurationList;
			buildConfigurations = (
				741E0AB31774234B008AE67B /* Debug */,
				741E0AB41774234B008AE67B /* Release */,
			);
			defaultConfigurationIsVisible = 0;
			defaultConfigurationName = Release;
		};
/* End XCConfigurationList section */
	};
	rootObject = 741E0A871774234B008AE67B /* Project object */;
}
