// !$*UTF8*$!
{
	archiveVersion = 1;
	classes = {
	};
	objectVersion = 46;
	objects = {

/* Begin PBXBuildFile section */
		E726C1E21817C6A300348240 /* Foundation.framework in Frameworks */ = {isa = PBXBuildFile; fileRef = E726C1E11817C6A300348240 /* Foundation.framework */; };
		E726C1E41817C6A300348240 /* CoreGraphics.framework in Frameworks */ = {isa = PBXBuildFile; fileRef = E726C1E31817C6A300348240 /* CoreGraphics.framework */; };
		E726C1E61817C6A300348240 /* UIKit.framework in Frameworks */ = {isa = PBXBuildFile; fileRef = E726C1E51817C6A300348240 /* UIKit.framework */; };
		E726C1EC1817C6A300348240 /* InfoPlist.strings in Resources */ = {isa = PBXBuildFile; fileRef = E726C1EA1817C6A300348240 /* InfoPlist.strings */; };
		E726C1EE1817C6A300348240 /* main.m in Sources */ = {isa = PBXBuildFile; fileRef = E726C1ED1817C6A300348240 /* main.m */; };
		E726C1F21817C6A300348240 /* HCAppDelegate.m in Sources */ = {isa = PBXBuildFile; fileRef = E726C1F11817C6A300348240 /* HCAppDelegate.m */; };
		E726C1F51817C6A300348240 /* Main.storyboard in Resources */ = {isa = PBXBuildFile; fileRef = E726C1F31817C6A300348240 /* Main.storyboard */; };
		E726C1F81817C6A300348240 /* HCViewController.m in Sources */ = {isa = PBXBuildFile; fileRef = E726C1F71817C6A300348240 /* HCViewController.m */; };
		E726C1FA1817C6A300348240 /* Images.xcassets in Resources */ = {isa = PBXBuildFile; fileRef = E726C1F91817C6A300348240 /* Images.xcassets */; };
		E726C2011817C6A300348240 /* XCTest.framework in Frameworks */ = {isa = PBXBuildFile; fileRef = E726C2001817C6A300348240 /* XCTest.framework */; };
		E726C2021817C6A300348240 /* Foundation.framework in Frameworks */ = {isa = PBXBuildFile; fileRef = E726C1E11817C6A300348240 /* Foundation.framework */; };
		E726C2031817C6A300348240 /* UIKit.framework in Frameworks */ = {isa = PBXBuildFile; fileRef = E726C1E51817C6A300348240 /* UIKit.framework */; };
		E726C20B1817C6A300348240 /* InfoPlist.strings in Resources */ = {isa = PBXBuildFile; fileRef = E726C2091817C6A300348240 /* InfoPlist.strings */; };
		E726C20D1817C6A300348240 /* HeyPicoolTests.m in Sources */ = {isa = PBXBuildFile; fileRef = E726C20C1817C6A300348240 /* HeyPicoolTests.m */; };
		E726C21F1817CDAC00348240 /* HCImageEdit.m in Sources */ = {isa = PBXBuildFile; fileRef = E726C21E1817CDAC00348240 /* HCImageEdit.m */; };
/* End PBXBuildFile section */

/* Begin PBXContainerItemProxy section */
		E726C2041817C6A300348240 /* PBXContainerItemProxy */ = {
			isa = PBXContainerItemProxy;
			containerPortal = E726C1D61817C6A300348240 /* Project object */;
			proxyType = 1;
			remoteGlobalIDString = E726C1DD1817C6A300348240;
			remoteInfo = HeyPicool;
		};
/* End PBXContainerItemProxy section */

/* Begin PBXFileReference section */
		E726C1DE1817C6A300348240 /* HeyPicool.app */ = {isa = PBXFileReference; explicitFileType = wrapper.application; includeInIndex = 0; path = HeyPicool.app; sourceTree = BUILT_PRODUCTS_DIR; };
		E726C1E11817C6A300348240 /* Foundation.framework */ = {isa = PBXFileReference; lastKnownFileType = wrapper.framework; name = Foundation.framework; path = System/Library/Frameworks/Foundation.framework; sourceTree = SDKROOT; };
		E726C1E31817C6A300348240 /* CoreGraphics.framework */ = {isa = PBXFileReference; lastKnownFileType = wrapper.framework; name = CoreGraphics.framework; path = System/Library/Frameworks/CoreGraphics.framework; sourceTree = SDKROOT; };
		E726C1E51817C6A300348240 /* UIKit.framework */ = {isa = PBXFileReference; lastKnownFileType = wrapper.framework; name = UIKit.framework; path = System/Library/Frameworks/UIKit.framework; sourceTree = SDKROOT; };
		E726C1E91817C6A300348240 /* HeyPicool-Info.plist */ = {isa = PBXFileReference; lastKnownFileType = text.plist.xml; path = "HeyPicool-Info.plist"; sourceTree = "<group>"; };
		E726C1EB1817C6A300348240 /* en */ = {isa = PBXFileReference; lastKnownFileType = text.plist.strings; name = en; path = en.lproj/InfoPlist.strings; sourceTree = "<group>"; };
		E726C1ED1817C6A300348240 /* main.m */ = {isa = PBXFileReference; lastKnownFileType = sourcecode.c.objc; path = main.m; sourceTree = "<group>"; };
		E726C1EF1817C6A300348240 /* HeyPicool-Prefix.pch */ = {isa = PBXFileReference; lastKnownFileType = sourcecode.c.h; path = "HeyPicool-Prefix.pch"; sourceTree = "<group>"; };
		E726C1F01817C6A300348240 /* HCAppDelegate.h */ = {isa = PBXFileReference; lastKnownFileType = sourcecode.c.h; path = HCAppDelegate.h; sourceTree = "<group>"; };
		E726C1F11817C6A300348240 /* HCAppDelegate.m */ = {isa = PBXFileReference; lastKnownFileType = sourcecode.c.objc; path = HCAppDelegate.m; sourceTree = "<group>"; };
		E726C1F41817C6A300348240 /* Base */ = {isa = PBXFileReference; lastKnownFileType = file.storyboard; name = Base; path = Base.lproj/Main.storyboard; sourceTree = "<group>"; };
		E726C1F61817C6A300348240 /* HCViewController.h */ = {isa = PBXFileReference; lastKnownFileType = sourcecode.c.h; path = HCViewController.h; sourceTree = "<group>"; };
		E726C1F71817C6A300348240 /* HCViewController.m */ = {isa = PBXFileReference; lastKnownFileType = sourcecode.c.objc; path = HCViewController.m; sourceTree = "<group>"; };
		E726C1F91817C6A300348240 /* Images.xcassets */ = {isa = PBXFileReference; lastKnownFileType = folder.assetcatalog; path = Images.xcassets; sourceTree = "<group>"; };
		E726C1FF1817C6A300348240 /* HeyPicoolTests.xctest */ = {isa = PBXFileReference; explicitFileType = wrapper.cfbundle; includeInIndex = 0; path = HeyPicoolTests.xctest; sourceTree = BUILT_PRODUCTS_DIR; };
		E726C2001817C6A300348240 /* XCTest.framework */ = {isa = PBXFileReference; lastKnownFileType = wrapper.framework; name = XCTest.framework; path = Library/Frameworks/XCTest.framework; sourceTree = DEVELOPER_DIR; };
		E726C2081817C6A300348240 /* HeyPicoolTests-Info.plist */ = {isa = PBXFileReference; lastKnownFileType = text.plist.xml; path = "HeyPicoolTests-Info.plist"; sourceTree = "<group>"; };
		E726C20A1817C6A300348240 /* en */ = {isa = PBXFileReference; lastKnownFileType = text.plist.strings; name = en; path = en.lproj/InfoPlist.strings; sourceTree = "<group>"; };
		E726C20C1817C6A300348240 /* HeyPicoolTests.m */ = {isa = PBXFileReference; lastKnownFileType = sourcecode.c.objc; path = HeyPicoolTests.m; sourceTree = "<group>"; };
		E726C21D1817CDAC00348240 /* HCImageEdit.h */ = {isa = PBXFileReference; fileEncoding = 4; lastKnownFileType = sourcecode.c.h; path = HCImageEdit.h; sourceTree = "<group>"; };
		E726C21E1817CDAC00348240 /* HCImageEdit.m */ = {isa = PBXFileReference; fileEncoding = 4; lastKnownFileType = sourcecode.c.objc; path = HCImageEdit.m; sourceTree = "<group>"; };
/* End PBXFileReference section */

/* Begin PBXFrameworksBuildPhase section */
		E726C1DB1817C6A300348240 /* Frameworks */ = {
			isa = PBXFrameworksBuildPhase;
			buildActionMask = 2147483647;
			files = (
				E726C1E41817C6A300348240 /* CoreGraphics.framework in Frameworks */,
				E726C1E61817C6A300348240 /* UIKit.framework in Frameworks */,
				E726C1E21817C6A300348240 /* Foundation.framework in Frameworks */,
			);
			runOnlyForDeploymentPostprocessing = 0;
		};
		E726C1FC1817C6A300348240 /* Frameworks */ = {
			isa = PBXFrameworksBuildPhase;
			buildActionMask = 2147483647;
			files = (
				E726C2011817C6A300348240 /* XCTest.framework in Frameworks */,
				E726C2031817C6A300348240 /* UIKit.framework in Frameworks */,
				E726C2021817C6A300348240 /* Foundation.framework in Frameworks */,
			);
			runOnlyForDeploymentPostprocessing = 0;
		};
/* End PBXFrameworksBuildPhase section */

/* Begin PBXGroup section */
		E726C1D51817C6A300348240 = {
			isa = PBXGroup;
			children = (
				E726C1E71817C6A300348240 /* HeyPicool */,
				E726C2061817C6A300348240 /* HeyPicoolTests */,
				E726C1E01817C6A300348240 /* Frameworks */,
				E726C1DF1817C6A300348240 /* Products */,
			);
			sourceTree = "<group>";
		};
		E726C1DF1817C6A300348240 /* Products */ = {
			isa = PBXGroup;
			children = (
				E726C1DE1817C6A300348240 /* HeyPicool.app */,
				E726C1FF1817C6A300348240 /* HeyPicoolTests.xctest */,
			);
			name = Products;
			sourceTree = "<group>";
		};
		E726C1E01817C6A300348240 /* Frameworks */ = {
			isa = PBXGroup;
			children = (
				E726C1E11817C6A300348240 /* Foundation.framework */,
				E726C1E31817C6A300348240 /* CoreGraphics.framework */,
				E726C1E51817C6A300348240 /* UIKit.framework */,
				E726C2001817C6A300348240 /* XCTest.framework */,
			);
			name = Frameworks;
			sourceTree = "<group>";
		};
		E726C1E71817C6A300348240 /* HeyPicool */ = {
			isa = PBXGroup;
			children = (
				E726C1F01817C6A300348240 /* HCAppDelegate.h */,
				E726C1F11817C6A300348240 /* HCAppDelegate.m */,
				E726C1F31817C6A300348240 /* Main.storyboard */,
				E726C21C1817CD4B00348240 /* Controller */,
				E726C1F91817C6A300348240 /* Images.xcassets */,
				E726C1E81817C6A300348240 /* Supporting Files */,
			);
			path = HeyPicool;
			sourceTree = "<group>";
		};
		E726C1E81817C6A300348240 /* Supporting Files */ = {
			isa = PBXGroup;
			children = (
				E726C1E91817C6A300348240 /* HeyPicool-Info.plist */,
				E726C1EA1817C6A300348240 /* InfoPlist.strings */,
				E726C1ED1817C6A300348240 /* main.m */,
				E726C1EF1817C6A300348240 /* HeyPicool-Prefix.pch */,
			);
			name = "Supporting Files";
			sourceTree = "<group>";
		};
		E726C2061817C6A300348240 /* HeyPicoolTests */ = {
			isa = PBXGroup;
			children = (
				E726C20C1817C6A300348240 /* HeyPicoolTests.m */,
				E726C2071817C6A300348240 /* Supporting Files */,
			);
			path = HeyPicoolTests;
			sourceTree = "<group>";
		};
		E726C2071817C6A300348240 /* Supporting Files */ = {
			isa = PBXGroup;
			children = (
				E726C2081817C6A300348240 /* HeyPicoolTests-Info.plist */,
				E726C2091817C6A300348240 /* InfoPlist.strings */,
			);
			name = "Supporting Files";
			sourceTree = "<group>";
		};
		E726C21C1817CD4B00348240 /* Controller */ = {
			isa = PBXGroup;
			children = (
				E726C1F61817C6A300348240 /* HCViewController.h */,
				E726C1F71817C6A300348240 /* HCViewController.m */,
				E726C21D1817CDAC00348240 /* HCImageEdit.h */,
				E726C21E1817CDAC00348240 /* HCImageEdit.m */,
			);
			name = Controller;
			sourceTree = "<group>";
		};
/* End PBXGroup section */

/* Begin PBXNativeTarget section */
		E726C1DD1817C6A300348240 /* HeyPicool */ = {
			isa = PBXNativeTarget;
			buildConfigurationList = E726C2101817C6A300348240 /* Build configuration list for PBXNativeTarget "HeyPicool" */;
			buildPhases = (
				E726C1DA1817C6A300348240 /* Sources */,
				E726C1DB1817C6A300348240 /* Frameworks */,
				E726C1DC1817C6A300348240 /* Resources */,
			);
			buildRules = (
			);
			dependencies = (
			);
			name = HeyPicool;
			productName = HeyPicool;
			productReference = E726C1DE1817C6A300348240 /* HeyPicool.app */;
			productType = "com.apple.product-type.application";
		};
		E726C1FE1817C6A300348240 /* HeyPicoolTests */ = {
			isa = PBXNativeTarget;
			buildConfigurationList = E726C2131817C6A300348240 /* Build configuration list for PBXNativeTarget "HeyPicoolTests" */;
			buildPhases = (
				E726C1FB1817C6A300348240 /* Sources */,
				E726C1FC1817C6A300348240 /* Frameworks */,
				E726C1FD1817C6A300348240 /* Resources */,
			);
			buildRules = (
			);
			dependencies = (
				E726C2051817C6A300348240 /* PBXTargetDependency */,
			);
			name = HeyPicoolTests;
			productName = HeyPicoolTests;
			productReference = E726C1FF1817C6A300348240 /* HeyPicoolTests.xctest */;
			productType = "com.apple.product-type.bundle.unit-test";
		};
/* End PBXNativeTarget section */

/* Begin PBXProject section */
		E726C1D61817C6A300348240 /* Project object */ = {
			isa = PBXProject;
			attributes = {
				CLASSPREFIX = HC;
				LastUpgradeCheck = 0500;
				ORGANIZATIONNAME = heycool;
				TargetAttributes = {
					E726C1FE1817C6A300348240 = {
						TestTargetID = E726C1DD1817C6A300348240;
					};
				};
			};
			buildConfigurationList = E726C1D91817C6A300348240 /* Build configuration list for PBXProject "HeyPicool" */;
			compatibilityVersion = "Xcode 3.2";
			developmentRegion = English;
			hasScannedForEncodings = 0;
			knownRegions = (
				en,
				Base,
			);
			mainGroup = E726C1D51817C6A300348240;
			productRefGroup = E726C1DF1817C6A300348240 /* Products */;
			projectDirPath = "";
			projectRoot = "";
			targets = (
				E726C1DD1817C6A300348240 /* HeyPicool */,
				E726C1FE1817C6A300348240 /* HeyPicoolTests */,
			);
		};
/* End PBXProject section */

/* Begin PBXResourcesBuildPhase section */
		E726C1DC1817C6A300348240 /* Resources */ = {
			isa = PBXResourcesBuildPhase;
			buildActionMask = 2147483647;
			files = (
				E726C1FA1817C6A300348240 /* Images.xcassets in Resources */,
				E726C1EC1817C6A300348240 /* InfoPlist.strings in Resources */,
				E726C1F51817C6A300348240 /* Main.storyboard in Resources */,
			);
			runOnlyForDeploymentPostprocessing = 0;
		};
		E726C1FD1817C6A300348240 /* Resources */ = {
			isa = PBXResourcesBuildPhase;
			buildActionMask = 2147483647;
			files = (
				E726C20B1817C6A300348240 /* InfoPlist.strings in Resources */,
			);
			runOnlyForDeploymentPostprocessing = 0;
		};
/* End PBXResourcesBuildPhase section */

/* Begin PBXSourcesBuildPhase section */
		E726C1DA1817C6A300348240 /* Sources */ = {
			isa = PBXSourcesBuildPhase;
			buildActionMask = 2147483647;
			files = (
				E726C21F1817CDAC00348240 /* HCImageEdit.m in Sources */,
				E726C1F81817C6A300348240 /* HCViewController.m in Sources */,
				E726C1EE1817C6A300348240 /* main.m in Sources */,
				E726C1F21817C6A300348240 /* HCAppDelegate.m in Sources */,
			);
			runOnlyForDeploymentPostprocessing = 0;
		};
		E726C1FB1817C6A300348240 /* Sources */ = {
			isa = PBXSourcesBuildPhase;
			buildActionMask = 2147483647;
			files = (
				E726C20D1817C6A300348240 /* HeyPicoolTests.m in Sources */,
			);
			runOnlyForDeploymentPostprocessing = 0;
		};
/* End PBXSourcesBuildPhase section */

/* Begin PBXTargetDependency section */
		E726C2051817C6A300348240 /* PBXTargetDependency */ = {
			isa = PBXTargetDependency;
			target = E726C1DD1817C6A300348240 /* HeyPicool */;
			targetProxy = E726C2041817C6A300348240 /* PBXContainerItemProxy */;
		};
/* End PBXTargetDependency section */

/* Begin PBXVariantGroup section */
		E726C1EA1817C6A300348240 /* InfoPlist.strings */ = {
			isa = PBXVariantGroup;
			children = (
				E726C1EB1817C6A300348240 /* en */,
			);
			name = InfoPlist.strings;
			sourceTree = "<group>";
		};
		E726C1F31817C6A300348240 /* Main.storyboard */ = {
			isa = PBXVariantGroup;
			children = (
				E726C1F41817C6A300348240 /* Base */,
			);
			name = Main.storyboard;
			sourceTree = "<group>";
		};
		E726C2091817C6A300348240 /* InfoPlist.strings */ = {
			isa = PBXVariantGroup;
			children = (
				E726C20A1817C6A300348240 /* en */,
			);
			name = InfoPlist.strings;
			sourceTree = "<group>";
		};
/* End PBXVariantGroup section */

/* Begin XCBuildConfiguration section */
		E726C20E1817C6A300348240 /* Debug */ = {
			isa = XCBuildConfiguration;
			buildSettings = {
				ALWAYS_SEARCH_USER_PATHS = NO;
				ARCHS = "$(ARCHS_STANDARD_INCLUDING_64_BIT)";
				CLANG_CXX_LANGUAGE_STANDARD = "gnu++0x";
				CLANG_CXX_LIBRARY = "libc++";
				CLANG_ENABLE_MODULES = YES;
				CLANG_ENABLE_OBJC_ARC = YES;
				CLANG_WARN_BOOL_CONVERSION = YES;
				CLANG_WARN_CONSTANT_CONVERSION = YES;
				CLANG_WARN_DIRECT_OBJC_ISA_USAGE = YES_ERROR;
				CLANG_WARN_EMPTY_BODY = YES;
				CLANG_WARN_ENUM_CONVERSION = YES;
				CLANG_WARN_INT_CONVERSION = YES;
				CLANG_WARN_OBJC_ROOT_CLASS = YES_ERROR;
				CLANG_WARN__DUPLICATE_METHOD_MATCH = YES;
				"CODE_SIGN_IDENTITY[sdk=iphoneos*]" = "iPhone Developer";
				COPY_PHASE_STRIP = NO;
				GCC_C_LANGUAGE_STANDARD = gnu99;
				GCC_DYNAMIC_NO_PIC = NO;
				GCC_OPTIMIZATION_LEVEL = 0;
				GCC_PREPROCESSOR_DEFINITIONS = (
					"DEBUG=1",
					"$(inherited)",
				);
				GCC_SYMBOLS_PRIVATE_EXTERN = NO;
				GCC_WARN_64_TO_32_BIT_CONVERSION = YES;
				GCC_WARN_ABOUT_RETURN_TYPE = YES_ERROR;
				GCC_WARN_UNDECLARED_SELECTOR = YES;
				GCC_WARN_UNINITIALIZED_AUTOS = YES;
				GCC_WARN_UNUSED_FUNCTION = YES;
				GCC_WARN_UNUSED_VARIABLE = YES;
				IPHONEOS_DEPLOYMENT_TARGET = 7.0;
				ONLY_ACTIVE_ARCH = YES;
				SDKROOT = iphoneos;
			};
			name = Debug;
		};
		E726C20F1817C6A300348240 /* Release */ = {
			isa = XCBuildConfiguration;
			buildSettings = {
				ALWAYS_SEARCH_USER_PATHS = NO;
				ARCHS = "$(ARCHS_STANDARD_INCLUDING_64_BIT)";
				CLANG_CXX_LANGUAGE_STANDARD = "gnu++0x";
				CLANG_CXX_LIBRARY = "libc++";
				CLANG_ENABLE_MODULES = YES;
				CLANG_ENABLE_OBJC_ARC = YES;
				CLANG_WARN_BOOL_CONVERSION = YES;
				CLANG_WARN_CONSTANT_CONVERSION = YES;
				CLANG_WARN_DIRECT_OBJC_ISA_USAGE = YES_ERROR;
				CLANG_WARN_EMPTY_BODY = YES;
				CLANG_WARN_ENUM_CONVERSION = YES;
				CLANG_WARN_INT_CONVERSION = YES;
				CLANG_WARN_OBJC_ROOT_CLASS = YES_ERROR;
				CLANG_WARN__DUPLICATE_METHOD_MATCH = YES;
				"CODE_SIGN_IDENTITY[sdk=iphoneos*]" = "iPhone Developer";
				COPY_PHASE_STRIP = YES;
				ENABLE_NS_ASSERTIONS = NO;
				GCC_C_LANGUAGE_STANDARD = gnu99;
				GCC_WARN_64_TO_32_BIT_CONVERSION = YES;
				GCC_WARN_ABOUT_RETURN_TYPE = YES_ERROR;
				GCC_WARN_UNDECLARED_SELECTOR = YES;
				GCC_WARN_UNINITIALIZED_AUTOS = YES;
				GCC_WARN_UNUSED_FUNCTION = YES;
				GCC_WARN_UNUSED_VARIABLE = YES;
				IPHONEOS_DEPLOYMENT_TARGET = 7.0;
				SDKROOT = iphoneos;
				VALIDATE_PRODUCT = YES;
			};
			name = Release;
		};
		E726C2111817C6A300348240 /* Debug */ = {
			isa = XCBuildConfiguration;
			buildSettings = {
				ASSETCATALOG_COMPILER_APPICON_NAME = AppIcon;
				ASSETCATALOG_COMPILER_LAUNCHIMAGE_NAME = LaunchImage;
				GCC_PRECOMPILE_PREFIX_HEADER = YES;
				GCC_PREFIX_HEADER = "HeyPicool/HeyPicool-Prefix.pch";
				INFOPLIST_FILE = "HeyPicool/HeyPicool-Info.plist";
				PRODUCT_NAME = "$(TARGET_NAME)";
				WRAPPER_EXTENSION = app;
			};
			name = Debug;
		};
		E726C2121817C6A300348240 /* Release */ = {
			isa = XCBuildConfiguration;
			buildSettings = {
				ASSETCATALOG_COMPILER_APPICON_NAME = AppIcon;
				ASSETCATALOG_COMPILER_LAUNCHIMAGE_NAME = LaunchImage;
				GCC_PRECOMPILE_PREFIX_HEADER = YES;
				GCC_PREFIX_HEADER = "HeyPicool/HeyPicool-Prefix.pch";
				INFOPLIST_FILE = "HeyPicool/HeyPicool-Info.plist";
				PRODUCT_NAME = "$(TARGET_NAME)";
				WRAPPER_EXTENSION = app;
			};
			name = Release;
		};
		E726C2141817C6A300348240 /* Debug */ = {
			isa = XCBuildConfiguration;
			buildSettings = {
				ARCHS = "$(ARCHS_STANDARD_INCLUDING_64_BIT)";
				BUNDLE_LOADER = "$(BUILT_PRODUCTS_DIR)/HeyPicool.app/HeyPicool";
				FRAMEWORK_SEARCH_PATHS = (
					"$(SDKROOT)/Developer/Library/Frameworks",
					"$(inherited)",
					"$(DEVELOPER_FRAMEWORKS_DIR)",
				);
				GCC_PRECOMPILE_PREFIX_HEADER = YES;
				GCC_PREFIX_HEADER = "HeyPicool/HeyPicool-Prefix.pch";
				GCC_PREPROCESSOR_DEFINITIONS = (
					"DEBUG=1",
					"$(inherited)",
				);
				INFOPLIST_FILE = "HeyPicoolTests/HeyPicoolTests-Info.plist";
				PRODUCT_NAME = "$(TARGET_NAME)";
				TEST_HOST = "$(BUNDLE_LOADER)";
				WRAPPER_EXTENSION = xctest;
			};
			name = Debug;
		};
		E726C2151817C6A300348240 /* Release */ = {
			isa = XCBuildConfiguration;
			buildSettings = {
				ARCHS = "$(ARCHS_STANDARD_INCLUDING_64_BIT)";
				BUNDLE_LOADER = "$(BUILT_PRODUCTS_DIR)/HeyPicool.app/HeyPicool";
				FRAMEWORK_SEARCH_PATHS = (
					"$(SDKROOT)/Developer/Library/Frameworks",
					"$(inherited)",
					"$(DEVELOPER_FRAMEWORKS_DIR)",
				);
				GCC_PRECOMPILE_PREFIX_HEADER = YES;
				GCC_PREFIX_HEADER = "HeyPicool/HeyPicool-Prefix.pch";
				INFOPLIST_FILE = "HeyPicoolTests/HeyPicoolTests-Info.plist";
				PRODUCT_NAME = "$(TARGET_NAME)";
				TEST_HOST = "$(BUNDLE_LOADER)";
				WRAPPER_EXTENSION = xctest;
			};
			name = Release;
		};
/* End XCBuildConfiguration section */

/* Begin XCConfigurationList section */
		E726C1D91817C6A300348240 /* Build configuration list for PBXProject "HeyPicool" */ = {
			isa = XCConfigurationList;
			buildConfigurations = (
				E726C20E1817C6A300348240 /* Debug */,
				E726C20F1817C6A300348240 /* Release */,
			);
			defaultConfigurationIsVisible = 0;
			defaultConfigurationName = Release;
		};
		E726C2101817C6A300348240 /* Build configuration list for PBXNativeTarget "HeyPicool" */ = {
			isa = XCConfigurationList;
			buildConfigurations = (
				E726C2111817C6A300348240 /* Debug */,
				E726C2121817C6A300348240 /* Release */,
			);
			defaultConfigurationIsVisible = 0;
		};
		E726C2131817C6A300348240 /* Build configuration list for PBXNativeTarget "HeyPicoolTests" */ = {
			isa = XCConfigurationList;
			buildConfigurations = (
				E726C2141817C6A300348240 /* Debug */,
				E726C2151817C6A300348240 /* Release */,
			);
			defaultConfigurationIsVisible = 0;
		};
/* End XCConfigurationList section */
	};
	rootObject = E726C1D61817C6A300348240 /* Project object */;
}
