// !$*UTF8*$!
{
	archiveVersion = 1;
	classes = {
	};
	objectVersion = 46;
	objects = {

/* Begin PBXBuildFile section */
		E7C9DB6317EEEAF500613CB9 /* Foundation.framework in Frameworks */ = {isa = PBXBuildFile; fileRef = E7C9DB6217EEEAF500613CB9 /* Foundation.framework */; };
		E7C9DB6517EEEAF500613CB9 /* CoreGraphics.framework in Frameworks */ = {isa = PBXBuildFile; fileRef = E7C9DB6417EEEAF500613CB9 /* CoreGraphics.framework */; };
		E7C9DB6717EEEAF500613CB9 /* UIKit.framework in Frameworks */ = {isa = PBXBuildFile; fileRef = E7C9DB6617EEEAF500613CB9 /* UIKit.framework */; };
		E7C9DB6D17EEEAF500613CB9 /* InfoPlist.strings in Resources */ = {isa = PBXBuildFile; fileRef = E7C9DB6B17EEEAF500613CB9 /* InfoPlist.strings */; };
		E7C9DB6F17EEEAF500613CB9 /* main.m in Sources */ = {isa = PBXBuildFile; fileRef = E7C9DB6E17EEEAF500613CB9 /* main.m */; };
		E7C9DB7317EEEAF500613CB9 /* HCAppDelegate.m in Sources */ = {isa = PBXBuildFile; fileRef = E7C9DB7217EEEAF500613CB9 /* HCAppDelegate.m */; };
		E7C9DB7617EEEAF500613CB9 /* Main.storyboard in Resources */ = {isa = PBXBuildFile; fileRef = E7C9DB7417EEEAF500613CB9 /* Main.storyboard */; };
		E7C9DB7917EEEAF500613CB9 /* HCViewController.m in Sources */ = {isa = PBXBuildFile; fileRef = E7C9DB7817EEEAF500613CB9 /* HCViewController.m */; };
		E7C9DB7B17EEEAF500613CB9 /* Images.xcassets in Resources */ = {isa = PBXBuildFile; fileRef = E7C9DB7A17EEEAF500613CB9 /* Images.xcassets */; };
		E7C9DB8217EEEAF600613CB9 /* XCTest.framework in Frameworks */ = {isa = PBXBuildFile; fileRef = E7C9DB8117EEEAF600613CB9 /* XCTest.framework */; };
		E7C9DB8317EEEAF600613CB9 /* Foundation.framework in Frameworks */ = {isa = PBXBuildFile; fileRef = E7C9DB6217EEEAF500613CB9 /* Foundation.framework */; };
		E7C9DB8417EEEAF600613CB9 /* UIKit.framework in Frameworks */ = {isa = PBXBuildFile; fileRef = E7C9DB6617EEEAF500613CB9 /* UIKit.framework */; };
		E7C9DB8C17EEEAF600613CB9 /* InfoPlist.strings in Resources */ = {isa = PBXBuildFile; fileRef = E7C9DB8A17EEEAF600613CB9 /* InfoPlist.strings */; };
		E7C9DB8E17EEEAF600613CB9 /* HelloWorldosTests.m in Sources */ = {isa = PBXBuildFile; fileRef = E7C9DB8D17EEEAF600613CB9 /* HelloWorldosTests.m */; };
/* End PBXBuildFile section */

/* Begin PBXContainerItemProxy section */
		E7C9DB8517EEEAF600613CB9 /* PBXContainerItemProxy */ = {
			isa = PBXContainerItemProxy;
			containerPortal = E7C9DB5717EEEAF500613CB9 /* Project object */;
			proxyType = 1;
			remoteGlobalIDString = E7C9DB5E17EEEAF500613CB9;
			remoteInfo = HelloWorldos;
		};
/* End PBXContainerItemProxy section */

/* Begin PBXFileReference section */
		E7C9DB5F17EEEAF500613CB9 /* HelloWorldos.app */ = {isa = PBXFileReference; explicitFileType = wrapper.application; includeInIndex = 0; path = HelloWorldos.app; sourceTree = BUILT_PRODUCTS_DIR; };
		E7C9DB6217EEEAF500613CB9 /* Foundation.framework */ = {isa = PBXFileReference; lastKnownFileType = wrapper.framework; name = Foundation.framework; path = System/Library/Frameworks/Foundation.framework; sourceTree = SDKROOT; };
		E7C9DB6417EEEAF500613CB9 /* CoreGraphics.framework */ = {isa = PBXFileReference; lastKnownFileType = wrapper.framework; name = CoreGraphics.framework; path = System/Library/Frameworks/CoreGraphics.framework; sourceTree = SDKROOT; };
		E7C9DB6617EEEAF500613CB9 /* UIKit.framework */ = {isa = PBXFileReference; lastKnownFileType = wrapper.framework; name = UIKit.framework; path = System/Library/Frameworks/UIKit.framework; sourceTree = SDKROOT; };
		E7C9DB6A17EEEAF500613CB9 /* HelloWorldos-Info.plist */ = {isa = PBXFileReference; lastKnownFileType = text.plist.xml; path = "HelloWorldos-Info.plist"; sourceTree = "<group>"; };
		E7C9DB6C17EEEAF500613CB9 /* en */ = {isa = PBXFileReference; lastKnownFileType = text.plist.strings; name = en; path = en.lproj/InfoPlist.strings; sourceTree = "<group>"; };
		E7C9DB6E17EEEAF500613CB9 /* main.m */ = {isa = PBXFileReference; lastKnownFileType = sourcecode.c.objc; path = main.m; sourceTree = "<group>"; };
		E7C9DB7017EEEAF500613CB9 /* HelloWorldos-Prefix.pch */ = {isa = PBXFileReference; lastKnownFileType = sourcecode.c.h; path = "HelloWorldos-Prefix.pch"; sourceTree = "<group>"; };
		E7C9DB7117EEEAF500613CB9 /* HCAppDelegate.h */ = {isa = PBXFileReference; lastKnownFileType = sourcecode.c.h; path = HCAppDelegate.h; sourceTree = "<group>"; };
		E7C9DB7217EEEAF500613CB9 /* HCAppDelegate.m */ = {isa = PBXFileReference; lastKnownFileType = sourcecode.c.objc; path = HCAppDelegate.m; sourceTree = "<group>"; };
		E7C9DB7517EEEAF500613CB9 /* Base */ = {isa = PBXFileReference; lastKnownFileType = file.storyboard; name = Base; path = Base.lproj/Main.storyboard; sourceTree = "<group>"; };
		E7C9DB7717EEEAF500613CB9 /* HCViewController.h */ = {isa = PBXFileReference; lastKnownFileType = sourcecode.c.h; path = HCViewController.h; sourceTree = "<group>"; };
		E7C9DB7817EEEAF500613CB9 /* HCViewController.m */ = {isa = PBXFileReference; lastKnownFileType = sourcecode.c.objc; path = HCViewController.m; sourceTree = "<group>"; };
		E7C9DB7A17EEEAF500613CB9 /* Images.xcassets */ = {isa = PBXFileReference; lastKnownFileType = folder.assetcatalog; path = Images.xcassets; sourceTree = "<group>"; };
		E7C9DB8017EEEAF600613CB9 /* HelloWorldosTests.xctest */ = {isa = PBXFileReference; explicitFileType = wrapper.cfbundle; includeInIndex = 0; path = HelloWorldosTests.xctest; sourceTree = BUILT_PRODUCTS_DIR; };
		E7C9DB8117EEEAF600613CB9 /* XCTest.framework */ = {isa = PBXFileReference; lastKnownFileType = wrapper.framework; name = XCTest.framework; path = Library/Frameworks/XCTest.framework; sourceTree = DEVELOPER_DIR; };
		E7C9DB8917EEEAF600613CB9 /* HelloWorldosTests-Info.plist */ = {isa = PBXFileReference; lastKnownFileType = text.plist.xml; path = "HelloWorldosTests-Info.plist"; sourceTree = "<group>"; };
		E7C9DB8B17EEEAF600613CB9 /* en */ = {isa = PBXFileReference; lastKnownFileType = text.plist.strings; name = en; path = en.lproj/InfoPlist.strings; sourceTree = "<group>"; };
		E7C9DB8D17EEEAF600613CB9 /* HelloWorldosTests.m */ = {isa = PBXFileReference; lastKnownFileType = sourcecode.c.objc; path = HelloWorldosTests.m; sourceTree = "<group>"; };
/* End PBXFileReference section */

/* Begin PBXFrameworksBuildPhase section */
		E7C9DB5C17EEEAF500613CB9 /* Frameworks */ = {
			isa = PBXFrameworksBuildPhase;
			buildActionMask = 2147483647;
			files = (
				E7C9DB6517EEEAF500613CB9 /* CoreGraphics.framework in Frameworks */,
				E7C9DB6717EEEAF500613CB9 /* UIKit.framework in Frameworks */,
				E7C9DB6317EEEAF500613CB9 /* Foundation.framework in Frameworks */,
			);
			runOnlyForDeploymentPostprocessing = 0;
		};
		E7C9DB7D17EEEAF600613CB9 /* Frameworks */ = {
			isa = PBXFrameworksBuildPhase;
			buildActionMask = 2147483647;
			files = (
				E7C9DB8217EEEAF600613CB9 /* XCTest.framework in Frameworks */,
				E7C9DB8417EEEAF600613CB9 /* UIKit.framework in Frameworks */,
				E7C9DB8317EEEAF600613CB9 /* Foundation.framework in Frameworks */,
			);
			runOnlyForDeploymentPostprocessing = 0;
		};
/* End PBXFrameworksBuildPhase section */

/* Begin PBXGroup section */
		E7C9DB5617EEEAF500613CB9 = {
			isa = PBXGroup;
			children = (
				E7C9DB6817EEEAF500613CB9 /* HelloWorldos */,
				E7C9DB8717EEEAF600613CB9 /* HelloWorldosTests */,
				E7C9DB6117EEEAF500613CB9 /* Frameworks */,
				E7C9DB6017EEEAF500613CB9 /* Products */,
			);
			sourceTree = "<group>";
		};
		E7C9DB6017EEEAF500613CB9 /* Products */ = {
			isa = PBXGroup;
			children = (
				E7C9DB5F17EEEAF500613CB9 /* HelloWorldos.app */,
				E7C9DB8017EEEAF600613CB9 /* HelloWorldosTests.xctest */,
			);
			name = Products;
			sourceTree = "<group>";
		};
		E7C9DB6117EEEAF500613CB9 /* Frameworks */ = {
			isa = PBXGroup;
			children = (
				E7C9DB6217EEEAF500613CB9 /* Foundation.framework */,
				E7C9DB6417EEEAF500613CB9 /* CoreGraphics.framework */,
				E7C9DB6617EEEAF500613CB9 /* UIKit.framework */,
				E7C9DB8117EEEAF600613CB9 /* XCTest.framework */,
			);
			name = Frameworks;
			sourceTree = "<group>";
		};
		E7C9DB6817EEEAF500613CB9 /* HelloWorldos */ = {
			isa = PBXGroup;
			children = (
				E7C9DB7117EEEAF500613CB9 /* HCAppDelegate.h */,
				E7C9DB7217EEEAF500613CB9 /* HCAppDelegate.m */,
				E7C9DB7417EEEAF500613CB9 /* Main.storyboard */,
				E7C9DB7717EEEAF500613CB9 /* HCViewController.h */,
				E7C9DB7817EEEAF500613CB9 /* HCViewController.m */,
				E7C9DB7A17EEEAF500613CB9 /* Images.xcassets */,
				E7C9DB6917EEEAF500613CB9 /* Supporting Files */,
			);
			path = HelloWorldos;
			sourceTree = "<group>";
		};
		E7C9DB6917EEEAF500613CB9 /* Supporting Files */ = {
			isa = PBXGroup;
			children = (
				E7C9DB6A17EEEAF500613CB9 /* HelloWorldos-Info.plist */,
				E7C9DB6B17EEEAF500613CB9 /* InfoPlist.strings */,
				E7C9DB6E17EEEAF500613CB9 /* main.m */,
				E7C9DB7017EEEAF500613CB9 /* HelloWorldos-Prefix.pch */,
			);
			name = "Supporting Files";
			sourceTree = "<group>";
		};
		E7C9DB8717EEEAF600613CB9 /* HelloWorldosTests */ = {
			isa = PBXGroup;
			children = (
				E7C9DB8D17EEEAF600613CB9 /* HelloWorldosTests.m */,
				E7C9DB8817EEEAF600613CB9 /* Supporting Files */,
			);
			path = HelloWorldosTests;
			sourceTree = "<group>";
		};
		E7C9DB8817EEEAF600613CB9 /* Supporting Files */ = {
			isa = PBXGroup;
			children = (
				E7C9DB8917EEEAF600613CB9 /* HelloWorldosTests-Info.plist */,
				E7C9DB8A17EEEAF600613CB9 /* InfoPlist.strings */,
			);
			name = "Supporting Files";
			sourceTree = "<group>";
		};
/* End PBXGroup section */

/* Begin PBXNativeTarget section */
		E7C9DB5E17EEEAF500613CB9 /* HelloWorldos */ = {
			isa = PBXNativeTarget;
			buildConfigurationList = E7C9DB9117EEEAF600613CB9 /* Build configuration list for PBXNativeTarget "HelloWorldos" */;
			buildPhases = (
				E7C9DB5B17EEEAF500613CB9 /* Sources */,
				E7C9DB5C17EEEAF500613CB9 /* Frameworks */,
				E7C9DB5D17EEEAF500613CB9 /* Resources */,
			);
			buildRules = (
			);
			dependencies = (
			);
			name = HelloWorldos;
			productName = HelloWorldos;
			productReference = E7C9DB5F17EEEAF500613CB9 /* HelloWorldos.app */;
			productType = "com.apple.product-type.application";
		};
		E7C9DB7F17EEEAF600613CB9 /* HelloWorldosTests */ = {
			isa = PBXNativeTarget;
			buildConfigurationList = E7C9DB9417EEEAF600613CB9 /* Build configuration list for PBXNativeTarget "HelloWorldosTests" */;
			buildPhases = (
				E7C9DB7C17EEEAF600613CB9 /* Sources */,
				E7C9DB7D17EEEAF600613CB9 /* Frameworks */,
				E7C9DB7E17EEEAF600613CB9 /* Resources */,
			);
			buildRules = (
			);
			dependencies = (
				E7C9DB8617EEEAF600613CB9 /* PBXTargetDependency */,
			);
			name = HelloWorldosTests;
			productName = HelloWorldosTests;
			productReference = E7C9DB8017EEEAF600613CB9 /* HelloWorldosTests.xctest */;
			productType = "com.apple.product-type.bundle.unit-test";
		};
/* End PBXNativeTarget section */

/* Begin PBXProject section */
		E7C9DB5717EEEAF500613CB9 /* Project object */ = {
			isa = PBXProject;
			attributes = {
				CLASSPREFIX = HC;
				LastUpgradeCheck = 0500;
				ORGANIZATIONNAME = heycool;
				TargetAttributes = {
					E7C9DB7F17EEEAF600613CB9 = {
						TestTargetID = E7C9DB5E17EEEAF500613CB9;
					};
				};
			};
			buildConfigurationList = E7C9DB5A17EEEAF500613CB9 /* Build configuration list for PBXProject "HelloWorldos" */;
			compatibilityVersion = "Xcode 3.2";
			developmentRegion = English;
			hasScannedForEncodings = 0;
			knownRegions = (
				en,
				Base,
			);
			mainGroup = E7C9DB5617EEEAF500613CB9;
			productRefGroup = E7C9DB6017EEEAF500613CB9 /* Products */;
			projectDirPath = "";
			projectRoot = "";
			targets = (
				E7C9DB5E17EEEAF500613CB9 /* HelloWorldos */,
				E7C9DB7F17EEEAF600613CB9 /* HelloWorldosTests */,
			);
		};
/* End PBXProject section */

/* Begin PBXResourcesBuildPhase section */
		E7C9DB5D17EEEAF500613CB9 /* Resources */ = {
			isa = PBXResourcesBuildPhase;
			buildActionMask = 2147483647;
			files = (
				E7C9DB7B17EEEAF500613CB9 /* Images.xcassets in Resources */,
				E7C9DB6D17EEEAF500613CB9 /* InfoPlist.strings in Resources */,
				E7C9DB7617EEEAF500613CB9 /* Main.storyboard in Resources */,
			);
			runOnlyForDeploymentPostprocessing = 0;
		};
		E7C9DB7E17EEEAF600613CB9 /* Resources */ = {
			isa = PBXResourcesBuildPhase;
			buildActionMask = 2147483647;
			files = (
				E7C9DB8C17EEEAF600613CB9 /* InfoPlist.strings in Resources */,
			);
			runOnlyForDeploymentPostprocessing = 0;
		};
/* End PBXResourcesBuildPhase section */

/* Begin PBXSourcesBuildPhase section */
		E7C9DB5B17EEEAF500613CB9 /* Sources */ = {
			isa = PBXSourcesBuildPhase;
			buildActionMask = 2147483647;
			files = (
				E7C9DB7917EEEAF500613CB9 /* HCViewController.m in Sources */,
				E7C9DB6F17EEEAF500613CB9 /* main.m in Sources */,
				E7C9DB7317EEEAF500613CB9 /* HCAppDelegate.m in Sources */,
			);
			runOnlyForDeploymentPostprocessing = 0;
		};
		E7C9DB7C17EEEAF600613CB9 /* Sources */ = {
			isa = PBXSourcesBuildPhase;
			buildActionMask = 2147483647;
			files = (
				E7C9DB8E17EEEAF600613CB9 /* HelloWorldosTests.m in Sources */,
			);
			runOnlyForDeploymentPostprocessing = 0;
		};
/* End PBXSourcesBuildPhase section */

/* Begin PBXTargetDependency section */
		E7C9DB8617EEEAF600613CB9 /* PBXTargetDependency */ = {
			isa = PBXTargetDependency;
			target = E7C9DB5E17EEEAF500613CB9 /* HelloWorldos */;
			targetProxy = E7C9DB8517EEEAF600613CB9 /* PBXContainerItemProxy */;
		};
/* End PBXTargetDependency section */

/* Begin PBXVariantGroup section */
		E7C9DB6B17EEEAF500613CB9 /* InfoPlist.strings */ = {
			isa = PBXVariantGroup;
			children = (
				E7C9DB6C17EEEAF500613CB9 /* en */,
			);
			name = InfoPlist.strings;
			sourceTree = "<group>";
		};
		E7C9DB7417EEEAF500613CB9 /* Main.storyboard */ = {
			isa = PBXVariantGroup;
			children = (
				E7C9DB7517EEEAF500613CB9 /* Base */,
			);
			name = Main.storyboard;
			sourceTree = "<group>";
		};
		E7C9DB8A17EEEAF600613CB9 /* InfoPlist.strings */ = {
			isa = PBXVariantGroup;
			children = (
				E7C9DB8B17EEEAF600613CB9 /* en */,
			);
			name = InfoPlist.strings;
			sourceTree = "<group>";
		};
/* End PBXVariantGroup section */

/* Begin XCBuildConfiguration section */
		E7C9DB8F17EEEAF600613CB9 /* Debug */ = {
			isa = XCBuildConfiguration;
			buildSettings = {
				ALWAYS_SEARCH_USER_PATHS = NO;
				ARCHS = "$(ARCHS_STANDARD_INCLUDING_64_BIT)";
				CLANG_CXX_LANGUAGE_STANDARD = "gnu++0x";
				CLANG_CXX_LIBRARY = "libc++";
				CLANG_ENABLE_MODULES = YES;
				CLANG_ENABLE_OBJC_ARC = YES;
				CLANG_WARN_BOOL_CONVERSION = YES;
				CLANG_WARN_CONSTANT_CONVERSION = YES;
				CLANG_WARN_DIRECT_OBJC_ISA_USAGE = YES_ERROR;
				CLANG_WARN_EMPTY_BODY = YES;
				CLANG_WARN_ENUM_CONVERSION = YES;
				CLANG_WARN_INT_CONVERSION = YES;
				CLANG_WARN_OBJC_ROOT_CLASS = YES_ERROR;
				CLANG_WARN__DUPLICATE_METHOD_MATCH = YES;
				"CODE_SIGN_IDENTITY[sdk=iphoneos*]" = "iPhone Developer";
				COPY_PHASE_STRIP = NO;
				GCC_C_LANGUAGE_STANDARD = gnu99;
				GCC_DYNAMIC_NO_PIC = NO;
				GCC_OPTIMIZATION_LEVEL = 0;
				GCC_PREPROCESSOR_DEFINITIONS = (
					"DEBUG=1",
					"$(inherited)",
				);
				GCC_SYMBOLS_PRIVATE_EXTERN = NO;
				GCC_WARN_64_TO_32_BIT_CONVERSION = YES;
				GCC_WARN_ABOUT_RETURN_TYPE = YES_ERROR;
				GCC_WARN_UNDECLARED_SELECTOR = YES;
				GCC_WARN_UNINITIALIZED_AUTOS = YES;
				GCC_WARN_UNUSED_FUNCTION = YES;
				GCC_WARN_UNUSED_VARIABLE = YES;
				IPHONEOS_DEPLOYMENT_TARGET = 7.0;
				ONLY_ACTIVE_ARCH = YES;
				SDKROOT = iphoneos;
			};
			name = Debug;
		};
		E7C9DB9017EEEAF600613CB9 /* Release */ = {
			isa = XCBuildConfiguration;
			buildSettings = {
				ALWAYS_SEARCH_USER_PATHS = NO;
				ARCHS = "$(ARCHS_STANDARD_INCLUDING_64_BIT)";
				CLANG_CXX_LANGUAGE_STANDARD = "gnu++0x";
				CLANG_CXX_LIBRARY = "libc++";
				CLANG_ENABLE_MODULES = YES;
				CLANG_ENABLE_OBJC_ARC = YES;
				CLANG_WARN_BOOL_CONVERSION = YES;
				CLANG_WARN_CONSTANT_CONVERSION = YES;
				CLANG_WARN_DIRECT_OBJC_ISA_USAGE = YES_ERROR;
				CLANG_WARN_EMPTY_BODY = YES;
				CLANG_WARN_ENUM_CONVERSION = YES;
				CLANG_WARN_INT_CONVERSION = YES;
				CLANG_WARN_OBJC_ROOT_CLASS = YES_ERROR;
				CLANG_WARN__DUPLICATE_METHOD_MATCH = YES;
				"CODE_SIGN_IDENTITY[sdk=iphoneos*]" = "iPhone Developer";
				COPY_PHASE_STRIP = YES;
				ENABLE_NS_ASSERTIONS = NO;
				GCC_C_LANGUAGE_STANDARD = gnu99;
				GCC_WARN_64_TO_32_BIT_CONVERSION = YES;
				GCC_WARN_ABOUT_RETURN_TYPE = YES_ERROR;
				GCC_WARN_UNDECLARED_SELECTOR = YES;
				GCC_WARN_UNINITIALIZED_AUTOS = YES;
				GCC_WARN_UNUSED_FUNCTION = YES;
				GCC_WARN_UNUSED_VARIABLE = YES;
				IPHONEOS_DEPLOYMENT_TARGET = 7.0;
				SDKROOT = iphoneos;
				VALIDATE_PRODUCT = YES;
			};
			name = Release;
		};
		E7C9DB9217EEEAF600613CB9 /* Debug */ = {
			isa = XCBuildConfiguration;
			buildSettings = {
				ASSETCATALOG_COMPILER_APPICON_NAME = AppIcon;
				ASSETCATALOG_COMPILER_LAUNCHIMAGE_NAME = LaunchImage;
				GCC_PRECOMPILE_PREFIX_HEADER = YES;
				GCC_PREFIX_HEADER = "HelloWorldos/HelloWorldos-Prefix.pch";
				INFOPLIST_FILE = "HelloWorldos/HelloWorldos-Info.plist";
				PRODUCT_NAME = "$(TARGET_NAME)";
				WRAPPER_EXTENSION = app;
			};
			name = Debug;
		};
		E7C9DB9317EEEAF600613CB9 /* Release */ = {
			isa = XCBuildConfiguration;
			buildSettings = {
				ASSETCATALOG_COMPILER_APPICON_NAME = AppIcon;
				ASSETCATALOG_COMPILER_LAUNCHIMAGE_NAME = LaunchImage;
				GCC_PRECOMPILE_PREFIX_HEADER = YES;
				GCC_PREFIX_HEADER = "HelloWorldos/HelloWorldos-Prefix.pch";
				INFOPLIST_FILE = "HelloWorldos/HelloWorldos-Info.plist";
				PRODUCT_NAME = "$(TARGET_NAME)";
				WRAPPER_EXTENSION = app;
			};
			name = Release;
		};
		E7C9DB9517EEEAF600613CB9 /* Debug */ = {
			isa = XCBuildConfiguration;
			buildSettings = {
				ARCHS = "$(ARCHS_STANDARD_INCLUDING_64_BIT)";
				BUNDLE_LOADER = "$(BUILT_PRODUCTS_DIR)/HelloWorldos.app/HelloWorldos";
				FRAMEWORK_SEARCH_PATHS = (
					"$(SDKROOT)/Developer/Library/Frameworks",
					"$(inherited)",
					"$(DEVELOPER_FRAMEWORKS_DIR)",
				);
				GCC_PRECOMPILE_PREFIX_HEADER = YES;
				GCC_PREFIX_HEADER = "HelloWorldos/HelloWorldos-Prefix.pch";
				GCC_PREPROCESSOR_DEFINITIONS = (
					"DEBUG=1",
					"$(inherited)",
				);
				INFOPLIST_FILE = "HelloWorldosTests/HelloWorldosTests-Info.plist";
				PRODUCT_NAME = "$(TARGET_NAME)";
				TEST_HOST = "$(BUNDLE_LOADER)";
				WRAPPER_EXTENSION = xctest;
			};
			name = Debug;
		};
		E7C9DB9617EEEAF600613CB9 /* Release */ = {
			isa = XCBuildConfiguration;
			buildSettings = {
				ARCHS = "$(ARCHS_STANDARD_INCLUDING_64_BIT)";
				BUNDLE_LOADER = "$(BUILT_PRODUCTS_DIR)/HelloWorldos.app/HelloWorldos";
				FRAMEWORK_SEARCH_PATHS = (
					"$(SDKROOT)/Developer/Library/Frameworks",
					"$(inherited)",
					"$(DEVELOPER_FRAMEWORKS_DIR)",
				);
				GCC_PRECOMPILE_PREFIX_HEADER = YES;
				GCC_PREFIX_HEADER = "HelloWorldos/HelloWorldos-Prefix.pch";
				INFOPLIST_FILE = "HelloWorldosTests/HelloWorldosTests-Info.plist";
				PRODUCT_NAME = "$(TARGET_NAME)";
				TEST_HOST = "$(BUNDLE_LOADER)";
				WRAPPER_EXTENSION = xctest;
			};
			name = Release;
		};
/* End XCBuildConfiguration section */

/* Begin XCConfigurationList section */
		E7C9DB5A17EEEAF500613CB9 /* Build configuration list for PBXProject "HelloWorldos" */ = {
			isa = XCConfigurationList;
			buildConfigurations = (
				E7C9DB8F17EEEAF600613CB9 /* Debug */,
				E7C9DB9017EEEAF600613CB9 /* Release */,
			);
			defaultConfigurationIsVisible = 0;
			defaultConfigurationName = Release;
		};
		E7C9DB9117EEEAF600613CB9 /* Build configuration list for PBXNativeTarget "HelloWorldos" */ = {
			isa = XCConfigurationList;
			buildConfigurations = (
				E7C9DB9217EEEAF600613CB9 /* Debug */,
				E7C9DB9317EEEAF600613CB9 /* Release */,
			);
			defaultConfigurationIsVisible = 0;
		};
		E7C9DB9417EEEAF600613CB9 /* Build configuration list for PBXNativeTarget "HelloWorldosTests" */ = {
			isa = XCConfigurationList;
			buildConfigurations = (
				E7C9DB9517EEEAF600613CB9 /* Debug */,
				E7C9DB9617EEEAF600613CB9 /* Release */,
			);
			defaultConfigurationIsVisible = 0;
		};
/* End XCConfigurationList section */
	};
	rootObject = E7C9DB5717EEEAF500613CB9 /* Project object */;
}
